// !$*UTF8*$!
{
	archiveVersion = 1;
	classes = {
	};
	objectVersion = 50;
	objects = {

/* Begin PBXBuildFile section */
		C247E3B6259E3BD20008EAD0 /* fruitcardview.swift in Sources */ = {isa = PBXBuildFile; fileRef = C247E3B5259E3BD20008EAD0 /* fruitcardview.swift */; };
		C247E3BA259E3F3B0008EAD0 /* startbuttonview.swift in Sources */ = {isa = PBXBuildFile; fileRef = C247E3B9259E3F3B0008EAD0 /* startbuttonview.swift */; };
		C247E3BD259E422E0008EAD0 /* onboardingview.swift in Sources */ = {isa = PBXBuildFile; fileRef = C247E3BC259E422E0008EAD0 /* onboardingview.swift */; };
		C247E3C1259E43C90008EAD0 /* FruitModel.swift in Sources */ = {isa = PBXBuildFile; fileRef = C247E3C0259E43C90008EAD0 /* FruitModel.swift */; };
		C247E3C5259E44A80008EAD0 /* fruitdata.swift in Sources */ = {isa = PBXBuildFile; fileRef = C247E3C4259E44A80008EAD0 /* fruitdata.swift */; };
		C2A66A31259E30860059BB7F /* fructusApp.swift in Sources */ = {isa = PBXBuildFile; fileRef = C2A66A30259E30860059BB7F /* fructusApp.swift */; };
		C2A66A33259E30860059BB7F /* ContentView.swift in Sources */ = {isa = PBXBuildFile; fileRef = C2A66A32259E30860059BB7F /* ContentView.swift */; };
		C2A66A35259E30870059BB7F /* Assets.xcassets in Resources */ = {isa = PBXBuildFile; fileRef = C2A66A34259E30870059BB7F /* Assets.xcassets */; };
		C2A66A38259E30870059BB7F /* Preview Assets.xcassets in Resources */ = {isa = PBXBuildFile; fileRef = C2A66A37259E30870059BB7F /* Preview Assets.xcassets */; };
/* End PBXBuildFile section */

/* Begin PBXFileReference section */
		C247E3B5259E3BD20008EAD0 /* fruitcardview.swift */ = {isa = PBXFileReference; lastKnownFileType = sourcecode.swift; path = fruitcardview.swift; sourceTree = "<group>"; };
		C247E3B9259E3F3B0008EAD0 /* startbuttonview.swift */ = {isa = PBXFileReference; lastKnownFileType = sourcecode.swift; path = startbuttonview.swift; sourceTree = "<group>"; };
		C247E3BC259E422E0008EAD0 /* onboardingview.swift */ = {isa = PBXFileReference; lastKnownFileType = sourcecode.swift; path = onboardingview.swift; sourceTree = "<group>"; };
		C247E3C0259E43C90008EAD0 /* FruitModel.swift */ = {isa = PBXFileReference; lastKnownFileType = sourcecode.swift; path = FruitModel.swift; sourceTree = "<group>"; };
		C247E3C4259E44A80008EAD0 /* fruitdata.swift */ = {isa = PBXFileReference; lastKnownFileType = sourcecode.swift; path = fruitdata.swift; sourceTree = "<group>"; };
		C2A66A2D259E30860059BB7F /* fructus.app */ = {isa = PBXFileReference; explicitFileType = wrapper.application; includeInIndex = 0; path = fructus.app; sourceTree = BUILT_PRODUCTS_DIR; };
		C2A66A30259E30860059BB7F /* fructusApp.swift */ = {isa = PBXFileReference; lastKnownFileType = sourcecode.swift; path = fructusApp.swift; sourceTree = "<group>"; };
		C2A66A32259E30860059BB7F /* ContentView.swift */ = {isa = PBXFileReference; lastKnownFileType = sourcecode.swift; path = ContentView.swift; sourceTree = "<group>"; };
		C2A66A34259E30870059BB7F /* Assets.xcassets */ = {isa = PBXFileReference; lastKnownFileType = folder.assetcatalog; path = Assets.xcassets; sourceTree = "<group>"; };
		C2A66A37259E30870059BB7F /* Preview Assets.xcassets */ = {isa = PBXFileReference; lastKnownFileType = folder.assetcatalog; path = "Preview Assets.xcassets"; sourceTree = "<group>"; };
		C2A66A39259E30870059BB7F /* Info.plist */ = {isa = PBXFileReference; lastKnownFileType = text.plist.xml; path = Info.plist; sourceTree = "<group>"; };
/* End PBXFileReference section */

/* Begin PBXFrameworksBuildPhase section */
		C2A66A2A259E30860059BB7F /* Frameworks */ = {
			isa = PBXFrameworksBuildPhase;
			buildActionMask = 2147483647;
			files = (
			);
			runOnlyForDeploymentPostprocessing = 0;
		};
/* End PBXFrameworksBuildPhase section */

/* Begin PBXGroup section */
		C247E3B3259E3B7F0008EAD0 /* App */ = {
			isa = PBXGroup;
			children = (
				C2A66A30259E30860059BB7F /* fructusApp.swift */,
				C2A66A32259E30860059BB7F /* ContentView.swift */,
				C247E3BC259E422E0008EAD0 /* onboardingview.swift */,
			);
			path = App;
			sourceTree = "<group>";
		};
		C247E3B4259E3BAA0008EAD0 /* View */ = {
			isa = PBXGroup;
			children = (
				C247E3B5259E3BD20008EAD0 /* fruitcardview.swift */,
				C247E3B9259E3F3B0008EAD0 /* startbuttonview.swift */,
			);
			path = View;
			sourceTree = "<group>";
		};
		C247E3BF259E43AE0008EAD0 /* Model */ = {
			isa = PBXGroup;
			children = (
				C247E3C0259E43C90008EAD0 /* FruitModel.swift */,
			);
			path = Model;
			sourceTree = "<group>";
		};
		C247E3C3259E44970008EAD0 /* Data */ = {
			isa = PBXGroup;
			children = (
				C247E3C4259E44A80008EAD0 /* fruitdata.swift */,
			);
			path = Data;
			sourceTree = "<group>";
		};
		C2A66A24259E30860059BB7F = {
			isa = PBXGroup;
			children = (
				C2A66A2F259E30860059BB7F /* fructus */,
				C2A66A2E259E30860059BB7F /* Products */,
			);
			sourceTree = "<group>";
		};
		C2A66A2E259E30860059BB7F /* Products */ = {
			isa = PBXGroup;
			children = (
				C2A66A2D259E30860059BB7F /* fructus.app */,
			);
			name = Products;
			sourceTree = "<group>";
		};
		C2A66A2F259E30860059BB7F /* fructus */ = {
			isa = PBXGroup;
			children = (
				C247E3C3259E44970008EAD0 /* Data */,
				C247E3BF259E43AE0008EAD0 /* Model */,
				C247E3B4259E3BAA0008EAD0 /* View */,
				C247E3B3259E3B7F0008EAD0 /* App */,
				C2A66A34259E30870059BB7F /* Assets.xcassets */,
				C2A66A39259E30870059BB7F /* Info.plist */,
				C2A66A36259E30870059BB7F /* Preview Content */,
			);
			path = fructus;
			sourceTree = "<group>";
		};
		C2A66A36259E30870059BB7F /* Preview Content */ = {
			isa = PBXGroup;
			children = (
				C2A66A37259E30870059BB7F /* Preview Assets.xcassets */,
			);
			path = "Preview Content";
			sourceTree = "<group>";
		};
/* End PBXGroup section */

/* Begin PBXNativeTarget section */
		C2A66A2C259E30860059BB7F /* fructus */ = {
			isa = PBXNativeTarget;
			buildConfigurationList = C2A66A3C259E30870059BB7F /* Build configuration list for PBXNativeTarget "fructus" */;
			buildPhases = (
				C2A66A29259E30860059BB7F /* Sources */,
				C2A66A2A259E30860059BB7F /* Frameworks */,
				C2A66A2B259E30860059BB7F /* Resources */,
			);
			buildRules = (
			);
			dependencies = (
			);
			name = fructus;
			productName = fructus;
			productReference = C2A66A2D259E30860059BB7F /* fructus.app */;
			productType = "com.apple.product-type.application";
		};
/* End PBXNativeTarget section */

/* Begin PBXProject section */
		C2A66A25259E30860059BB7F /* Project object */ = {
			isa = PBXProject;
			attributes = {
				LastSwiftUpdateCheck = 1230;
				LastUpgradeCheck = 1230;
				TargetAttributes = {
					C2A66A2C259E30860059BB7F = {
						CreatedOnToolsVersion = 12.3;
					};
				};
			};
			buildConfigurationList = C2A66A28259E30860059BB7F /* Build configuration list for PBXProject "fructus" */;
			compatibilityVersion = "Xcode 9.3";
			developmentRegion = en;
			hasScannedForEncodings = 0;
			knownRegions = (
				en,
				Base,
			);
			mainGroup = C2A66A24259E30860059BB7F;
			productRefGroup = C2A66A2E259E30860059BB7F /* Products */;
			projectDirPath = "";
			projectRoot = "";
			targets = (
				C2A66A2C259E30860059BB7F /* fructus */,
			);
		};
/* End PBXProject section */

/* Begin PBXResourcesBuildPhase section */
		C2A66A2B259E30860059BB7F /* Resources */ = {
			isa = PBXResourcesBuildPhase;
			buildActionMask = 2147483647;
			files = (
				C2A66A38259E30870059BB7F /* Preview Assets.xcassets in Resources */,
				C2A66A35259E30870059BB7F /* Assets.xcassets in Resources */,
			);
			runOnlyForDeploymentPostprocessing = 0;
		};
/* End PBXResourcesBuildPhase section */

/* Begin PBXSourcesBuildPhase section */
		C2A66A29259E30860059BB7F /* Sources */ = {
			isa = PBXSourcesBuildPhase;
			buildActionMask = 2147483647;
			files = (
				C247E3C5259E44A80008EAD0 /* fruitdata.swift in Sources */,
				C247E3B6259E3BD20008EAD0 /* fruitcardview.swift in Sources */,
				C247E3BA259E3F3B0008EAD0 /* startbuttonview.swift in Sources */,
				C2A66A33259E30860059BB7F /* ContentView.swift in Sources */,
				C247E3BD259E422E0008EAD0 /* onboardingview.swift in Sources */,
				C247E3C1259E43C90008EAD0 /* FruitModel.swift in Sources */,
				C2A66A31259E30860059BB7F /* fructusApp.swift in Sources */,
			);
			runOnlyForDeploymentPostprocessing = 0;
		};
/* End PBXSourcesBuildPhase section */

/* Begin XCBuildConfiguration section */
		C2A66A3A259E30870059BB7F /* Debug */ = {
			isa = XCBuildConfiguration;
			buildSettings = {
				ALWAYS_SEARCH_USER_PATHS = NO;
				CLANG_ANALYZER_NONNULL = YES;
				CLANG_ANALYZER_NUMBER_OBJECT_CONVERSION = YES_AGGRESSIVE;
				CLANG_CXX_LANGUAGE_STANDARD = "gnu++14";
				CLANG_CXX_LIBRARY = "libc++";
				CLANG_ENABLE_MODULES = YES;
				CLANG_ENABLE_OBJC_ARC = YES;
				CLANG_ENABLE_OBJC_WEAK = YES;
				CLANG_WARN_BLOCK_CAPTURE_AUTORELEASING = YES;
				CLANG_WARN_BOOL_CONVERSION = YES;
				CLANG_WARN_COMMA = YES;
				CLANG_WARN_CONSTANT_CONVERSION = YES;
				CLANG_WARN_DEPRECATED_OBJC_IMPLEMENTATIONS = YES;
				CLANG_WARN_DIRECT_OBJC_ISA_USAGE = YES_ERROR;
				CLANG_WARN_DOCUMENTATION_COMMENTS = YES;
				CLANG_WARN_EMPTY_BODY = YES;
				CLANG_WARN_ENUM_CONVERSION = YES;
				CLANG_WARN_INFINITE_RECURSION = YES;
				CLANG_WARN_INT_CONVERSION = YES;
				CLANG_WARN_NON_LITERAL_NULL_CONVERSION = YES;
				CLANG_WARN_OBJC_IMPLICIT_RETAIN_SELF = YES;
				CLANG_WARN_OBJC_LITERAL_CONVERSION = YES;
				CLANG_WARN_OBJC_ROOT_CLASS = YES_ERROR;
				CLANG_WARN_QUOTED_INCLUDE_IN_FRAMEWORK_HEADER = YES;
				CLANG_WARN_RANGE_LOOP_ANALYSIS = YES;
				CLANG_WARN_STRICT_PROTOTYPES = YES;
				CLANG_WARN_SUSPICIOUS_MOVE = YES;
				CLANG_WARN_UNGUARDED_AVAILABILITY = YES_AGGRESSIVE;
				CLANG_WARN_UNREACHABLE_CODE = YES;
				CLANG_WARN__DUPLICATE_METHOD_MATCH = YES;
				COPY_PHASE_STRIP = NO;
				DEBUG_INFORMATION_FORMAT = dwarf;
				ENABLE_STRICT_OBJC_MSGSEND = YES;
				ENABLE_TESTABILITY = YES;
				GCC_C_LANGUAGE_STANDARD = gnu11;
				GCC_DYNAMIC_NO_PIC = NO;
				GCC_NO_COMMON_BLOCKS = YES;
				GCC_OPTIMIZATION_LEVEL = 0;
				GCC_PREPROCESSOR_DEFINITIONS = (
					"DEBUG=1",
					"$(inherited)",
				);
				GCC_WARN_64_TO_32_BIT_CONVERSION = YES;
				GCC_WARN_ABOUT_RETURN_TYPE = YES_ERROR;
				GCC_WARN_UNDECLARED_SELECTOR = YES;
				GCC_WARN_UNINITIALIZED_AUTOS = YES_AGGRESSIVE;
				GCC_WARN_UNUSED_FUNCTION = YES;
				GCC_WARN_UNUSED_VARIABLE = YES;
				IPHONEOS_DEPLOYMENT_TARGET = 14.3;
				MTL_ENABLE_DEBUG_INFO = INCLUDE_SOURCE;
				MTL_FAST_MATH = YES;
				ONLY_ACTIVE_ARCH = YES;
				SDKROOT = iphoneos;
				SWIFT_ACTIVE_COMPILATION_CONDITIONS = DEBUG;
				SWIFT_OPTIMIZATION_LEVEL = "-Onone";
			};
			name = Debug;
		};
		C2A66A3B259E30870059BB7F /* Release */ = {
			isa = XCBuildConfiguration;
			buildSettings = {
				ALWAYS_SEARCH_USER_PATHS = NO;
				CLANG_ANALYZER_NONNULL = YES;
				CLANG_ANALYZER_NUMBER_OBJECT_CONVERSION = YES_AGGRESSIVE;
				CLANG_CXX_LANGUAGE_STANDARD = "gnu++14";
				CLANG_CXX_LIBRARY = "libc++";
				CLANG_ENABLE_MODULES = YES;
				CLANG_ENABLE_OBJC_ARC = YES;
				CLANG_ENABLE_OBJC_WEAK = YES;
				CLANG_WARN_BLOCK_CAPTURE_AUTORELEASING = YES;
				CLANG_WARN_BOOL_CONVERSION = YES;
				CLANG_WARN_COMMA = YES;
				CLANG_WARN_CONSTANT_CONVERSION = YES;
				CLANG_WARN_DEPRECATED_OBJC_IMPLEMENTATIONS = YES;
				CLANG_WARN_DIRECT_OBJC_ISA_USAGE = YES_ERROR;
				CLANG_WARN_DOCUMENTATION_COMMENTS = YES;
				CLANG_WARN_EMPTY_BODY = YES;
				CLANG_WARN_ENUM_CONVERSION = YES;
				CLANG_WARN_INFINITE_RECURSION = YES;
				CLANG_WARN_INT_CONVERSION = YES;
				CLANG_WARN_NON_LITERAL_NULL_CONVERSION = YES;
				CLANG_WARN_OBJC_IMPLICIT_RETAIN_SELF = YES;
				CLANG_WARN_OBJC_LITERAL_CONVERSION = YES;
				CLANG_WARN_OBJC_ROOT_CLASS = YES_ERROR;
				CLANG_WARN_QUOTED_INCLUDE_IN_FRAMEWORK_HEADER = YES;
				CLANG_WARN_RANGE_LOOP_ANALYSIS = YES;
				CLANG_WARN_STRICT_PROTOTYPES = YES;
				CLANG_WARN_SUSPICIOUS_MOVE = YES;
				CLANG_WARN_UNGUARDED_AVAILABILITY = YES_AGGRESSIVE;
				CLANG_WARN_UNREACHABLE_CODE = YES;
				CLANG_WARN__DUPLICATE_METHOD_MATCH = YES;
				COPY_PHASE_STRIP = NO;
				DEBUG_INFORMATION_FORMAT = "dwarf-with-dsym";
				ENABLE_NS_ASSERTIONS = NO;
				ENABLE_STRICT_OBJC_MSGSEND = YES;
				GCC_C_LANGUAGE_STANDARD = gnu11;
				GCC_NO_COMMON_BLOCKS = YES;
				GCC_WARN_64_TO_32_BIT_CONVERSION = YES;
				GCC_WARN_ABOUT_RETURN_TYPE = YES_ERROR;
				GCC_WARN_UNDECLARED_SELECTOR = YES;
				GCC_WARN_UNINITIALIZED_AUTOS = YES_AGGRESSIVE;
				GCC_WARN_UNUSED_FUNCTION = YES;
				GCC_WARN_UNUSED_VARIABLE = YES;
				IPHONEOS_DEPLOYMENT_TARGET = 14.3;
				MTL_ENABLE_DEBUG_INFO = NO;
				MTL_FAST_MATH = YES;
				SDKROOT = iphoneos;
				SWIFT_COMPILATION_MODE = wholemodule;
				SWIFT_OPTIMIZATION_LEVEL = "-O";
				VALIDATE_PRODUCT = YES;
			};
			name = Release;
		};
		C2A66A3D259E30870059BB7F /* Debug */ = {
			isa = XCBuildConfiguration;
			buildSettings = {
				ASSETCATALOG_COMPILER_APPICON_NAME = AppIcon;
				ASSETCATALOG_COMPILER_GLOBAL_ACCENT_COLOR_NAME = AccentColor;
				CODE_SIGN_STYLE = Automatic;
				DEVELOPMENT_ASSET_PATHS = "\"fructus/Preview Content\"";
				DEVELOPMENT_TEAM = VM8B39S4T2;
				ENABLE_PREVIEWS = YES;
				INFOPLIST_FILE = fructus/Info.plist;
				IPHONEOS_DEPLOYMENT_TARGET = 14.0;
				LD_RUNPATH_SEARCH_PATHS = (
					"$(inherited)",
					"@executable_path/Frameworks",
				);
				PRODUCT_BUNDLE_IDENTIFIER = com.DrasticChaser.fructus;
				PRODUCT_NAME = "$(TARGET_NAME)";
				SWIFT_VERSION = 5.0;
				TARGETED_DEVICE_FAMILY = "1,2";
			};
			name = Debug;
		};
		C2A66A3E259E30870059BB7F /* Release */ = {
			isa = XCBuildConfiguration;
			buildSettings = {
				ASSETCATALOG_COMPILER_APPICON_NAME = AppIcon;
				ASSETCATALOG_COMPILER_GLOBAL_ACCENT_COLOR_NAME = AccentColor;
				CODE_SIGN_STYLE = Automatic;
				DEVELOPMENT_ASSET_PATHS = "\"fructus/Preview Content\"";
				DEVELOPMENT_TEAM = VM8B39S4T2;
				ENABLE_PREVIEWS = YES;
				INFOPLIST_FILE = fructus/Info.plist;
				IPHONEOS_DEPLOYMENT_TARGET = 14.0;
				LD_RUNPATH_SEARCH_PATHS = (
					"$(inherited)",
					"@executable_path/Frameworks",
				);
				PRODUCT_BUNDLE_IDENTIFIER = com.DrasticChaser.fructus;
				PRODUCT_NAME = "$(TARGET_NAME)";
				SWIFT_VERSION = 5.0;
				TARGETED_DEVICE_FAMILY = "1,2";
			};
			name = Release;
		};
/* End XCBuildConfiguration section */

/* Begin XCConfigurationList section */
		C2A66A28259E30860059BB7F /* Build configuration list for PBXProject "fructus" */ = {
			isa = XCConfigurationList;
			buildConfigurations = (
				C2A66A3A259E30870059BB7F /* Debug */,
				C2A66A3B259E30870059BB7F /* Release */,
			);
			defaultConfigurationIsVisible = 0;
			defaultConfigurationName = Release;
		};
		C2A66A3C259E30870059BB7F /* Build configuration list for PBXNativeTarget "fructus" */ = {
			isa = XCConfigurationList;
			buildConfigurations = (
				C2A66A3D259E30870059BB7F /* Debug */,
				C2A66A3E259E30870059BB7F /* Release */,
			);
			defaultConfigurationIsVisible = 0;
			defaultConfigurationName = Release;
		};
/* End XCConfigurationList section */
	};
	rootObject = C2A66A25259E30860059BB7F /* Project object */;
}
